
Microsoft Visual Studio Solution File, Format Version 12.00
Project("{FAE04EC0-301F-11D3-BF4B-00C04F79EFBC}") = "Palette", "Palette\Palette.csproj", "{FC810186-B187-48BE-8202-2550E792CD1E}"
EndProject
Project("{FAE04EC0-301F-11D3-BF4B-00C04F79EFBC}") = "Tests", "Tests\Tests.csproj", "{AA218B32-A65E-4395-8B51-97AAB1B519B5}"
EndProject
Project("{FAE04EC0-301F-11D3-BF4B-00C04F79EFBC}") = "IndexMap", "IndexMap\IndexMap.csproj", "{0D423966-80A9-4991-BD79-88E2EE3037DC}"
EndProject
Project("{FAE04EC0-301F-11D3-BF4B-00C04F79EFBC}") = "PaletteMap", "PaletteMap\PaletteMap.csproj", "{CD9FEE89-A895-4341-BF15-AF10839B2369}"
EndProject
Global
	GlobalSection(SolutionConfigurationPlatforms) = preSolution
		Debug|Any CPU = Debug|Any CPU
		Release|Any CPU = Release|Any CPU
	EndGlobalSection
	GlobalSection(ProjectConfigurationPlatforms) = postSolution
		{FC810186-B187-48BE-8202-2550E792CD1E}.Debug|Any CPU.ActiveCfg = Debug|Any CPU
		{FC810186-B187-48BE-8202-2550E792CD1E}.Debug|Any CPU.Build.0 = Debug|Any CPU
		{FC810186-B187-48BE-8202-2550E792CD1E}.Release|Any CPU.ActiveCfg = Release|Any CPU
		{FC810186-B187-48BE-8202-2550E792CD1E}.Release|Any CPU.Build.0 = Release|Any CPU
		{AA218B32-A65E-4395-8B51-97AAB1B519B5}.Debug|Any CPU.ActiveCfg = Debug|Any CPU
		{AA218B32-A65E-4395-8B51-97AAB1B519B5}.Debug|Any CPU.Build.0 = Debug|Any CPU
		{AA218B32-A65E-4395-8B51-97AAB1B519B5}.Release|Any CPU.ActiveCfg = Release|Any CPU
		{AA218B32-A65E-4395-8B51-97AAB1B519B5}.Release|Any CPU.Build.0 = Release|Any CPU
		{0D423966-80A9-4991-BD79-88E2EE3037DC}.Debug|Any CPU.ActiveCfg = Debug|Any CPU
		{0D423966-80A9-4991-BD79-88E2EE3037DC}.Debug|Any CPU.Build.0 = Debug|Any CPU
		{0D423966-80A9-4991-BD79-88E2EE3037DC}.Release|Any CPU.ActiveCfg = Release|Any CPU
		{0D423966-80A9-4991-BD79-88E2EE3037DC}.Release|Any CPU.Build.0 = Release|Any CPU
		{CD9FEE89-A895-4341-BF15-AF10839B2369}.Debug|Any CPU.ActiveCfg = Debug|Any CPU
		{CD9FEE89-A895-4341-BF15-AF10839B2369}.Debug|Any CPU.Build.0 = Debug|Any CPU
		{CD9FEE89-A895-4341-BF15-AF10839B2369}.Release|Any CPU.ActiveCfg = Release|Any CPU
		{CD9FEE89-A895-4341-BF15-AF10839B2369}.Release|Any CPU.Build.0 = Release|Any CPU
	EndGlobalSection
EndGlobal
